
Microsoft Visual Studio Solution File, Format Version 10.00
# Visual Studio 2008
Project("{8BC9CEB8-8B4A-11D0-8D11-00A0C91BC942}") = "MusicPlayer", "MusicPlayer\MusicPlayer.vcproj", "{5E02BC95-1032-4590-B4FF-35251A6F119B}"
EndProject
Global
	GlobalSection(SolutionConfigurationPlatforms) = preSolution
		Debug|Win32 = Debug|Win32
		Release|Win32 = Release|Win32
	EndGlobalSection
	GlobalSection(ProjectConfigurationPlatforms) = postSolution
		{5E02BC95-1032-4590-B4FF-35251A6F119B}.Debug|Win32.ActiveCfg = Debug|Win32
		{5E02BC95-1032-4590-B4FF-35251A6F119B}.Debug|Win32.Build.0 = Debug|Win32
		{5E02BC95-1032-4590-B4FF-35251A6F119B}.Release|Win32.ActiveCfg = Release|Win32
		{5E02BC95-1032-4590-B4FF-35251A6F119B}.Release|Win32.Build.0 = Release|Win32
	EndGlobalSection
	GlobalSection(SolutionProperties) = preSolution
		HideSolutionNode = FALSE
	EndGlobalSection
EndGlobal
